
Microsoft Visual Studio Solution File, Format Version 12.00
# Visual Studio Version 17
VisualStudioVersion = 17.12.35527.113
MinimumVisualStudioVersion = 10.0.40219.1
Project("{2150E333-8FDC-42A3-9474-1A3956D46DE8}") = "Services", "Services", "{775CD5F9-286E-411A-B110-D8F412E84A77}"
EndProject
Project("{2150E333-8FDC-42A3-9474-1A3956D46DE8}") = "Catalog", "Catalog", "{0E80D0FD-9386-4645-BB0B-A4B6AA04A32D}"
EndProject
Project("{FAE04EC0-301F-11D3-BF4B-00C04F79EFBC}") = "_MultiShop.Catalog", "Services\Catalog\_MultiShop.Catalog\_MultiShop.Catalog.csproj", "{3DE7D5EE-73AE-4BD1-804C-4A292A8EC7E2}"
EndProject
Project("{2150E333-8FDC-42A3-9474-1A3956D46DE8}") = "Discount", "Discount", "{DA11EE38-F00A-4726-B333-77A748F6972A}"
EndProject
Project("{FAE04EC0-301F-11D3-BF4B-00C04F79EFBC}") = "_MultiShop.Discount", "Services\Discount\_MultiShop.Discount\_MultiShop.Discount.csproj", "{8FF510DA-CF52-4D29-AE64-D90BC3FCC1A6}"
EndProject
Project("{2150E333-8FDC-42A3-9474-1A3956D46DE8}") = "Order", "Order", "{60387ADE-25C6-4477-9AFE-7881B53D5558}"
EndProject
Project("{2150E333-8FDC-42A3-9474-1A3956D46DE8}") = "Core", "Core", "{78E12E0D-E970-4CFB-8620-83CAE501D7BA}"
EndProject
Project("{2150E333-8FDC-42A3-9474-1A3956D46DE8}") = "Infastructure", "Infastructure", "{EA8B8319-969D-4208-8D2D-9C9A8B18C0A4}"
EndProject
Project("{2150E333-8FDC-42A3-9474-1A3956D46DE8}") = "Presentation", "Presentation", "{FBFC85E9-1344-46C1-B3AB-98FF640A3A2E}"
EndProject
Project("{FAE04EC0-301F-11D3-BF4B-00C04F79EFBC}") = "_MultiShop.Order.Domain", "Services\Order\Core\_MultiShop.Order.Domain\_MultiShop.Order.Domain.csproj", "{DAF82BF1-1D13-4417-B1CB-03EE1B7233C2}"
EndProject
Project("{FAE04EC0-301F-11D3-BF4B-00C04F79EFBC}") = "_MultiShop.Order.Application", "Services\Order\Core\_MultiShop.Order.Application\_MultiShop.Order.Application.csproj", "{EEE00758-A465-4C3A-AE46-260FDD249268}"
EndProject
Project("{FAE04EC0-301F-11D3-BF4B-00C04F79EFBC}") = "_MultiShop.Order.Persistence", "Services\Order\Infastructure\_MultiShop.Order.Persistence\_MultiShop.Order.Persistence.csproj", "{60530C84-72DE-40F4-8BF0-37E817DB3134}"
EndProject
Project("{FAE04EC0-301F-11D3-BF4B-00C04F79EFBC}") = "_MultiShop.Order.WebApi", "Order\Presentation\_MultiShop.Order.WebApi\_MultiShop.Order.WebApi.csproj", "{DAB0385A-623D-4D50-8F64-CCD44689CDCA}"
EndProject
Project("{2150E333-8FDC-42A3-9474-1A3956D46DE8}") = "IdentityServer", "IdentityServer", "{345E837B-7674-4F1E-83AC-5751C6983AF5}"
EndProject
Project("{FAE04EC0-301F-11D3-BF4B-00C04F79EFBC}") = "MultiShop.IdentityServer", "..\MultiShop\IdentityServer\MultiShop.IdentityServer\MultiShop.IdentityServer.csproj", "{AD9B861F-F52A-4F83-894E-37E81816AB1B}"
EndProject
Project("{2150E333-8FDC-42A3-9474-1A3956D46DE8}") = "Cargo", "Cargo", "{48E0BF39-2B73-4192-841A-0265C6EE334A}"
EndProject
Project("{FAE04EC0-301F-11D3-BF4B-00C04F79EFBC}") = "_MultiShop.Cargo.EntityLayer", "Services\Cargo\_MultiShop.Cargo.EntityLayer\_MultiShop.Cargo.EntityLayer.csproj", "{CB46B398-DE2A-4F90-9802-76B800D229BD}"
EndProject
Project("{FAE04EC0-301F-11D3-BF4B-00C04F79EFBC}") = "_MultiShop.Cargo.BusinessLayer", "Services\Cargo\_MultiShop.Cargo.BusinessLayer\_MultiShop.Cargo.BusinessLayer.csproj", "{80E3926D-3EFE-4CD4-88AD-91C9CB39420A}"
EndProject
Project("{FAE04EC0-301F-11D3-BF4B-00C04F79EFBC}") = "_MultiShop.Cargo.DataAccesLayer", "Services\Cargo\_MultiShop.Cargo.DataAccesLayer\_MultiShop.Cargo.DataAccesLayer.csproj", "{C2207CD2-7733-4F75-9861-75FDBD3B3BB7}"
EndProject
Project("{FAE04EC0-301F-11D3-BF4B-00C04F79EFBC}") = "_MultiShop.Cargo.DtoLayer", "Services\Cargo\_MultiShop.Cargo.DtoLayer\_MultiShop.Cargo.DtoLayer.csproj", "{EB6846D4-7154-4135-9479-7FF6A36B67B2}"
EndProject
Project("{FAE04EC0-301F-11D3-BF4B-00C04F79EFBC}") = "_MultiShop.Cargo.WepApi", "Services\Cargo\_MultiShop.Cargo.WepApi\_MultiShop.Cargo.WepApi.csproj", "{C701A094-A0EA-40D2-9B0B-952204756495}"
EndProject
Project("{2150E333-8FDC-42A3-9474-1A3956D46DE8}") = "Requirements", "Requirements", "{4395C1B1-B03A-4EB0-BB29-6229ADEFF400}"
	ProjectSection(SolutionItems) = preProject
		AllProductListComponentpartial.txt = AllProductListComponentpartial.txt
		CategoryIndex = CategoryIndex
		CreateCategory = CreateCategory
		FontAwesome.txt = FontAwesome.txt
		LoginIndex.txt = LoginIndex.txt
		Mail_islemleri.txt = Mail_islemleri.txt
		NavBarMenuDilDegisimi.txt = NavBarMenuDilDegisimi.txt
		OcelotCodeExample.txt = OcelotCodeExample.txt
		OrderHtml.txt = OrderHtml.txt
		PortNumbers.txt = PortNumbers.txt
		TestController.txt = TestController.txt
		UpdateCategory = UpdateCategory
		Users.txt = Users.txt
		_FeatureDefaultComponentPartial.txt = _FeatureDefaultComponentPartial.txt
	EndProjectSection
EndProject
Project("{2150E333-8FDC-42A3-9474-1A3956D46DE8}") = "Basket", "Basket", "{6849AAB6-3413-4B48-AFBD-0864A981141E}"
EndProject
Project("{FAE04EC0-301F-11D3-BF4B-00C04F79EFBC}") = "_MultiShop.Basket", "Services\Basket\_MultiShop.Basket\_MultiShop.Basket.csproj", "{D7B463EE-1024-4254-9B32-927D5D84BA15}"
EndProject
Project("{2150E333-8FDC-42A3-9474-1A3956D46DE8}") = "Frontends", "Frontends", "{0F88B8CE-BB8A-494B-8171-E50FCA3A9FD1}"
EndProject
Project("{FAE04EC0-301F-11D3-BF4B-00C04F79EFBC}") = "_MultiShop.WebUI", "Frontends\_MultiShop.WebUI\_MultiShop.WebUI.csproj", "{CBAD4B67-CA54-4D0A-AA29-7A32FFDB20CE}"
EndProject
Project("{FAE04EC0-301F-11D3-BF4B-00C04F79EFBC}") = "_MultiShop.DtoLayer", "Frontends\_MultiShop.DtoLayer\_MultiShop.DtoLayer.csproj", "{829910A8-C136-42C9-A02E-8F5AB83A6313}"
EndProject
Project("{2150E333-8FDC-42A3-9474-1A3956D46DE8}") = "Comment", "Comment", "{1D120250-BA60-47C6-81FD-C9D36B585E2B}"
EndProject
Project("{FAE04EC0-301F-11D3-BF4B-00C04F79EFBC}") = "_MultiShop.Comment", "Services\Comment\_MultiShop.Comment\_MultiShop.Comment.csproj", "{FF3E228E-D351-4668-93D9-FCB40A22EEF5}"
EndProject
Project("{2150E333-8FDC-42A3-9474-1A3956D46DE8}") = "ApiGateway", "ApiGateway", "{81B0A78F-6515-4290-A1A9-CD89E0044C64}"
EndProject
Project("{FAE04EC0-301F-11D3-BF4B-00C04F79EFBC}") = "_MultiShop.OcelotGateway", "ApiGateway\_MultiShop.OcelotGateway\_MultiShop.OcelotGateway.csproj", "{EDEA523C-0E08-4F1F-B520-D66ACAD2FDE9}"
EndProject
Project("{2150E333-8FDC-42A3-9474-1A3956D46DE8}") = "Payment", "Payment", "{FCE153BF-F134-454D-BDD7-B58F678D2BF2}"
EndProject
Project("{FAE04EC0-301F-11D3-BF4B-00C04F79EFBC}") = "_MultiShop.Payment", "Services\Payment\_MultiShop.Payment\_MultiShop.Payment.csproj", "{C7F23F24-801E-40B9-A080-5CB9BAB4B8C7}"
EndProject
Project("{2150E333-8FDC-42A3-9474-1A3956D46DE8}") = "Images", "Images", "{D1CBF0C4-1958-4148-AFC4-DBDBD2EABEA4}"
EndProject
Project("{FAE04EC0-301F-11D3-BF4B-00C04F79EFBC}") = "_MultiShop.Images", "Services\Images\_MultiShop.Images\_MultiShop.Images.csproj", "{363C64DD-4090-43E5-A063-C67476945414}"
EndProject
Project("{2150E333-8FDC-42A3-9474-1A3956D46DE8}") = "Message", "Message", "{0551BB0F-E9E7-462A-BB21-C42E3750DDBD}"
EndProject
Project("{FAE04EC0-301F-11D3-BF4B-00C04F79EFBC}") = "_MultiShop.Message", "Services\Message\_MultiShop.Message\_MultiShop.Message.csproj", "{DF65CCD5-0F3B-409E-BAA0-03038112EF58}"
EndProject
Project("{2150E333-8FDC-42A3-9474-1A3956D46DE8}") = "SignalRRealTime", "SignalRRealTime", "{A5004CD9-1433-4501-9E9F-C7CAFC70068B}"
EndProject
Project("{FAE04EC0-301F-11D3-BF4B-00C04F79EFBC}") = "_MultiShop.SingalRRealTime", "Services\SingalRRealTime\_MultiShop.SingalRRealTime\_MultiShop.SingalRRealTime.csproj", "{A523EFDC-C003-423B-A13E-AFF4E4BA8650}"
EndProject
Project("{2150E333-8FDC-42A3-9474-1A3956D46DE8}") = "RapidApi", "RapidApi", "{B02FEA40-C0E9-4CB5-8F49-97D33FC83502}"
EndProject
Project("{FAE04EC0-301F-11D3-BF4B-00C04F79EFBC}") = "_MultiShop.WebUI", "Services\Images\_MultiShop.WebUI\_MultiShop.WebUI.csproj", "{183CE3CE-1354-4F34-8E38-50E6B7B3CA96}"
EndProject
Project("{2150E333-8FDC-42A3-9474-1A3956D46DE8}") = "RabbitMQMessage", "RabbitMQMessage", "{D7B373C9-0B11-4555-B3CF-3CBC92AC3E87}"
EndProject
Project("{FAE04EC0-301F-11D3-BF4B-00C04F79EFBC}") = "_MultiShop.RabbitMQMessage", "RabbitMQMessage\_MultiShop.RabbitMQMessage\_MultiShop.RabbitMQMessage.csproj", "{77A0070F-3BFA-41AE-BE5B-2F586A66589F}"
EndProject
Project("{FAE04EC0-301F-11D3-BF4B-00C04F79EFBC}") = "_MultiShop.RapidApiWebUI", "RapidApi\_MultiShop.RapidApiWebUI\_MultiShop.RapidApiWebUI.csproj", "{734C4AFD-016B-495C-B239-AEA71864874D}"
EndProject
Global
	GlobalSection(SolutionConfigurationPlatforms) = preSolution
		Debug|Any CPU = Debug|Any CPU
		Release|Any CPU = Release|Any CPU
	EndGlobalSection
	GlobalSection(ProjectConfigurationPlatforms) = postSolution
		{3DE7D5EE-73AE-4BD1-804C-4A292A8EC7E2}.Debug|Any CPU.ActiveCfg = Debug|Any CPU
		{3DE7D5EE-73AE-4BD1-804C-4A292A8EC7E2}.Debug|Any CPU.Build.0 = Debug|Any CPU
		{3DE7D5EE-73AE-4BD1-804C-4A292A8EC7E2}.Release|Any CPU.ActiveCfg = Release|Any CPU
		{3DE7D5EE-73AE-4BD1-804C-4A292A8EC7E2}.Release|Any CPU.Build.0 = Release|Any CPU
		{8FF510DA-CF52-4D29-AE64-D90BC3FCC1A6}.Debug|Any CPU.ActiveCfg = Debug|Any CPU
		{8FF510DA-CF52-4D29-AE64-D90BC3FCC1A6}.Debug|Any CPU.Build.0 = Debug|Any CPU
		{8FF510DA-CF52-4D29-AE64-D90BC3FCC1A6}.Release|Any CPU.ActiveCfg = Release|Any CPU
		{8FF510DA-CF52-4D29-AE64-D90BC3FCC1A6}.Release|Any CPU.Build.0 = Release|Any CPU
		{DAF82BF1-1D13-4417-B1CB-03EE1B7233C2}.Debug|Any CPU.ActiveCfg = Debug|Any CPU
		{DAF82BF1-1D13-4417-B1CB-03EE1B7233C2}.Debug|Any CPU.Build.0 = Debug|Any CPU
		{DAF82BF1-1D13-4417-B1CB-03EE1B7233C2}.Release|Any CPU.ActiveCfg = Release|Any CPU
		{DAF82BF1-1D13-4417-B1CB-03EE1B7233C2}.Release|Any CPU.Build.0 = Release|Any CPU
		{EEE00758-A465-4C3A-AE46-260FDD249268}.Debug|Any CPU.ActiveCfg = Debug|Any CPU
		{EEE00758-A465-4C3A-AE46-260FDD249268}.Debug|Any CPU.Build.0 = Debug|Any CPU
		{EEE00758-A465-4C3A-AE46-260FDD249268}.Release|Any CPU.ActiveCfg = Release|Any CPU
		{EEE00758-A465-4C3A-AE46-260FDD249268}.Release|Any CPU.Build.0 = Release|Any CPU
		{60530C84-72DE-40F4-8BF0-37E817DB3134}.Debug|Any CPU.ActiveCfg = Debug|Any CPU
		{60530C84-72DE-40F4-8BF0-37E817DB3134}.Debug|Any CPU.Build.0 = Debug|Any CPU
		{60530C84-72DE-40F4-8BF0-37E817DB3134}.Release|Any CPU.ActiveCfg = Release|Any CPU
		{60530C84-72DE-40F4-8BF0-37E817DB3134}.Release|Any CPU.Build.0 = Release|Any CPU
		{DAB0385A-623D-4D50-8F64-CCD44689CDCA}.Debug|Any CPU.ActiveCfg = Debug|Any CPU
		{DAB0385A-623D-4D50-8F64-CCD44689CDCA}.Debug|Any CPU.Build.0 = Debug|Any CPU
		{DAB0385A-623D-4D50-8F64-CCD44689CDCA}.Release|Any CPU.ActiveCfg = Release|Any CPU
		{DAB0385A-623D-4D50-8F64-CCD44689CDCA}.Release|Any CPU.Build.0 = Release|Any CPU
		{AD9B861F-F52A-4F83-894E-37E81816AB1B}.Debug|Any CPU.ActiveCfg = Debug|Any CPU
		{AD9B861F-F52A-4F83-894E-37E81816AB1B}.Debug|Any CPU.Build.0 = Debug|Any CPU
		{AD9B861F-F52A-4F83-894E-37E81816AB1B}.Release|Any CPU.ActiveCfg = Release|Any CPU
		{AD9B861F-F52A-4F83-894E-37E81816AB1B}.Release|Any CPU.Build.0 = Release|Any CPU
		{CB46B398-DE2A-4F90-9802-76B800D229BD}.Debug|Any CPU.ActiveCfg = Debug|Any CPU
		{CB46B398-DE2A-4F90-9802-76B800D229BD}.Debug|Any CPU.Build.0 = Debug|Any CPU
		{CB46B398-DE2A-4F90-9802-76B800D229BD}.Release|Any CPU.ActiveCfg = Release|Any CPU
		{CB46B398-DE2A-4F90-9802-76B800D229BD}.Release|Any CPU.Build.0 = Release|Any CPU
		{80E3926D-3EFE-4CD4-88AD-91C9CB39420A}.Debug|Any CPU.ActiveCfg = Debug|Any CPU
		{80E3926D-3EFE-4CD4-88AD-91C9CB39420A}.Debug|Any CPU.Build.0 = Debug|Any CPU
		{80E3926D-3EFE-4CD4-88AD-91C9CB39420A}.Release|Any CPU.ActiveCfg = Release|Any CPU
		{80E3926D-3EFE-4CD4-88AD-91C9CB39420A}.Release|Any CPU.Build.0 = Release|Any CPU
		{C2207CD2-7733-4F75-9861-75FDBD3B3BB7}.Debug|Any CPU.ActiveCfg = Debug|Any CPU
		{C2207CD2-7733-4F75-9861-75FDBD3B3BB7}.Debug|Any CPU.Build.0 = Debug|Any CPU
		{C2207CD2-7733-4F75-9861-75FDBD3B3BB7}.Release|Any CPU.ActiveCfg = Release|Any CPU
		{C2207CD2-7733-4F75-9861-75FDBD3B3BB7}.Release|Any CPU.Build.0 = Release|Any CPU
		{EB6846D4-7154-4135-9479-7FF6A36B67B2}.Debug|Any CPU.ActiveCfg = Debug|Any CPU
		{EB6846D4-7154-4135-9479-7FF6A36B67B2}.Debug|Any CPU.Build.0 = Debug|Any CPU
		{EB6846D4-7154-4135-9479-7FF6A36B67B2}.Release|Any CPU.ActiveCfg = Release|Any CPU
		{EB6846D4-7154-4135-9479-7FF6A36B67B2}.Release|Any CPU.Build.0 = Release|Any CPU
		{C701A094-A0EA-40D2-9B0B-952204756495}.Debug|Any CPU.ActiveCfg = Debug|Any CPU
		{C701A094-A0EA-40D2-9B0B-952204756495}.Debug|Any CPU.Build.0 = Debug|Any CPU
		{C701A094-A0EA-40D2-9B0B-952204756495}.Release|Any CPU.ActiveCfg = Release|Any CPU
		{C701A094-A0EA-40D2-9B0B-952204756495}.Release|Any CPU.Build.0 = Release|Any CPU
		{D7B463EE-1024-4254-9B32-927D5D84BA15}.Debug|Any CPU.ActiveCfg = Debug|Any CPU
		{D7B463EE-1024-4254-9B32-927D5D84BA15}.Debug|Any CPU.Build.0 = Debug|Any CPU
		{D7B463EE-1024-4254-9B32-927D5D84BA15}.Release|Any CPU.ActiveCfg = Release|Any CPU
		{D7B463EE-1024-4254-9B32-927D5D84BA15}.Release|Any CPU.Build.0 = Release|Any CPU
		{CBAD4B67-CA54-4D0A-AA29-7A32FFDB20CE}.Debug|Any CPU.ActiveCfg = Debug|Any CPU
		{CBAD4B67-CA54-4D0A-AA29-7A32FFDB20CE}.Debug|Any CPU.Build.0 = Debug|Any CPU
		{CBAD4B67-CA54-4D0A-AA29-7A32FFDB20CE}.Release|Any CPU.ActiveCfg = Release|Any CPU
		{CBAD4B67-CA54-4D0A-AA29-7A32FFDB20CE}.Release|Any CPU.Build.0 = Release|Any CPU
		{829910A8-C136-42C9-A02E-8F5AB83A6313}.Debug|Any CPU.ActiveCfg = Debug|Any CPU
		{829910A8-C136-42C9-A02E-8F5AB83A6313}.Debug|Any CPU.Build.0 = Debug|Any CPU
		{829910A8-C136-42C9-A02E-8F5AB83A6313}.Release|Any CPU.ActiveCfg = Release|Any CPU
		{829910A8-C136-42C9-A02E-8F5AB83A6313}.Release|Any CPU.Build.0 = Release|Any CPU
		{FF3E228E-D351-4668-93D9-FCB40A22EEF5}.Debug|Any CPU.ActiveCfg = Debug|Any CPU
		{FF3E228E-D351-4668-93D9-FCB40A22EEF5}.Debug|Any CPU.Build.0 = Debug|Any CPU
		{FF3E228E-D351-4668-93D9-FCB40A22EEF5}.Release|Any CPU.ActiveCfg = Release|Any CPU
		{FF3E228E-D351-4668-93D9-FCB40A22EEF5}.Release|Any CPU.Build.0 = Release|Any CPU
		{EDEA523C-0E08-4F1F-B520-D66ACAD2FDE9}.Debug|Any CPU.ActiveCfg = Debug|Any CPU
		{EDEA523C-0E08-4F1F-B520-D66ACAD2FDE9}.Debug|Any CPU.Build.0 = Debug|Any CPU
		{EDEA523C-0E08-4F1F-B520-D66ACAD2FDE9}.Release|Any CPU.ActiveCfg = Release|Any CPU
		{EDEA523C-0E08-4F1F-B520-D66ACAD2FDE9}.Release|Any CPU.Build.0 = Release|Any CPU
		{C7F23F24-801E-40B9-A080-5CB9BAB4B8C7}.Debug|Any CPU.ActiveCfg = Debug|Any CPU
		{C7F23F24-801E-40B9-A080-5CB9BAB4B8C7}.Debug|Any CPU.Build.0 = Debug|Any CPU
		{C7F23F24-801E-40B9-A080-5CB9BAB4B8C7}.Release|Any CPU.ActiveCfg = Release|Any CPU
		{C7F23F24-801E-40B9-A080-5CB9BAB4B8C7}.Release|Any CPU.Build.0 = Release|Any CPU
		{363C64DD-4090-43E5-A063-C67476945414}.Debug|Any CPU.ActiveCfg = Debug|Any CPU
		{363C64DD-4090-43E5-A063-C67476945414}.Debug|Any CPU.Build.0 = Debug|Any CPU
		{363C64DD-4090-43E5-A063-C67476945414}.Release|Any CPU.ActiveCfg = Release|Any CPU
		{363C64DD-4090-43E5-A063-C67476945414}.Release|Any CPU.Build.0 = Release|Any CPU
		{DF65CCD5-0F3B-409E-BAA0-03038112EF58}.Debug|Any CPU.ActiveCfg = Debug|Any CPU
		{DF65CCD5-0F3B-409E-BAA0-03038112EF58}.Debug|Any CPU.Build.0 = Debug|Any CPU
		{DF65CCD5-0F3B-409E-BAA0-03038112EF58}.Release|Any CPU.ActiveCfg = Release|Any CPU
		{DF65CCD5-0F3B-409E-BAA0-03038112EF58}.Release|Any CPU.Build.0 = Release|Any CPU
		{A523EFDC-C003-423B-A13E-AFF4E4BA8650}.Debug|Any CPU.ActiveCfg = Debug|Any CPU
		{A523EFDC-C003-423B-A13E-AFF4E4BA8650}.Debug|Any CPU.Build.0 = Debug|Any CPU
		{A523EFDC-C003-423B-A13E-AFF4E4BA8650}.Release|Any CPU.ActiveCfg = Release|Any CPU
		{A523EFDC-C003-423B-A13E-AFF4E4BA8650}.Release|Any CPU.Build.0 = Release|Any CPU
		{183CE3CE-1354-4F34-8E38-50E6B7B3CA96}.Debug|Any CPU.ActiveCfg = Debug|Any CPU
		{183CE3CE-1354-4F34-8E38-50E6B7B3CA96}.Debug|Any CPU.Build.0 = Debug|Any CPU
		{183CE3CE-1354-4F34-8E38-50E6B7B3CA96}.Release|Any CPU.ActiveCfg = Release|Any CPU
		{183CE3CE-1354-4F34-8E38-50E6B7B3CA96}.Release|Any CPU.Build.0 = Release|Any CPU
		{77A0070F-3BFA-41AE-BE5B-2F586A66589F}.Debug|Any CPU.ActiveCfg = Debug|Any CPU
		{77A0070F-3BFA-41AE-BE5B-2F586A66589F}.Debug|Any CPU.Build.0 = Debug|Any CPU
		{77A0070F-3BFA-41AE-BE5B-2F586A66589F}.Release|Any CPU.ActiveCfg = Release|Any CPU
		{77A0070F-3BFA-41AE-BE5B-2F586A66589F}.Release|Any CPU.Build.0 = Release|Any CPU
		{734C4AFD-016B-495C-B239-AEA71864874D}.Debug|Any CPU.ActiveCfg = Debug|Any CPU
		{734C4AFD-016B-495C-B239-AEA71864874D}.Debug|Any CPU.Build.0 = Debug|Any CPU
		{734C4AFD-016B-495C-B239-AEA71864874D}.Release|Any CPU.ActiveCfg = Release|Any CPU
		{734C4AFD-016B-495C-B239-AEA71864874D}.Release|Any CPU.Build.0 = Release|Any CPU
	EndGlobalSection
	GlobalSection(SolutionProperties) = preSolution
		HideSolutionNode = FALSE
	EndGlobalSection
	GlobalSection(NestedProjects) = preSolution
		{0E80D0FD-9386-4645-BB0B-A4B6AA04A32D} = {775CD5F9-286E-411A-B110-D8F412E84A77}
		{3DE7D5EE-73AE-4BD1-804C-4A292A8EC7E2} = {0E80D0FD-9386-4645-BB0B-A4B6AA04A32D}
		{DA11EE38-F00A-4726-B333-77A748F6972A} = {775CD5F9-286E-411A-B110-D8F412E84A77}
		{8FF510DA-CF52-4D29-AE64-D90BC3FCC1A6} = {DA11EE38-F00A-4726-B333-77A748F6972A}
		{60387ADE-25C6-4477-9AFE-7881B53D5558} = {775CD5F9-286E-411A-B110-D8F412E84A77}
		{78E12E0D-E970-4CFB-8620-83CAE501D7BA} = {60387ADE-25C6-4477-9AFE-7881B53D5558}
		{EA8B8319-969D-4208-8D2D-9C9A8B18C0A4} = {60387ADE-25C6-4477-9AFE-7881B53D5558}
		{FBFC85E9-1344-46C1-B3AB-98FF640A3A2E} = {60387ADE-25C6-4477-9AFE-7881B53D5558}
		{DAF82BF1-1D13-4417-B1CB-03EE1B7233C2} = {78E12E0D-E970-4CFB-8620-83CAE501D7BA}
		{EEE00758-A465-4C3A-AE46-260FDD249268} = {78E12E0D-E970-4CFB-8620-83CAE501D7BA}
		{60530C84-72DE-40F4-8BF0-37E817DB3134} = {EA8B8319-969D-4208-8D2D-9C9A8B18C0A4}
		{DAB0385A-623D-4D50-8F64-CCD44689CDCA} = {FBFC85E9-1344-46C1-B3AB-98FF640A3A2E}
		{AD9B861F-F52A-4F83-894E-37E81816AB1B} = {345E837B-7674-4F1E-83AC-5751C6983AF5}
		{48E0BF39-2B73-4192-841A-0265C6EE334A} = {775CD5F9-286E-411A-B110-D8F412E84A77}
		{CB46B398-DE2A-4F90-9802-76B800D229BD} = {48E0BF39-2B73-4192-841A-0265C6EE334A}
		{80E3926D-3EFE-4CD4-88AD-91C9CB39420A} = {48E0BF39-2B73-4192-841A-0265C6EE334A}
		{C2207CD2-7733-4F75-9861-75FDBD3B3BB7} = {48E0BF39-2B73-4192-841A-0265C6EE334A}
		{EB6846D4-7154-4135-9479-7FF6A36B67B2} = {48E0BF39-2B73-4192-841A-0265C6EE334A}
		{C701A094-A0EA-40D2-9B0B-952204756495} = {48E0BF39-2B73-4192-841A-0265C6EE334A}
		{6849AAB6-3413-4B48-AFBD-0864A981141E} = {775CD5F9-286E-411A-B110-D8F412E84A77}
		{D7B463EE-1024-4254-9B32-927D5D84BA15} = {6849AAB6-3413-4B48-AFBD-0864A981141E}
		{CBAD4B67-CA54-4D0A-AA29-7A32FFDB20CE} = {0F88B8CE-BB8A-494B-8171-E50FCA3A9FD1}
		{829910A8-C136-42C9-A02E-8F5AB83A6313} = {0F88B8CE-BB8A-494B-8171-E50FCA3A9FD1}
		{1D120250-BA60-47C6-81FD-C9D36B585E2B} = {775CD5F9-286E-411A-B110-D8F412E84A77}
		{FF3E228E-D351-4668-93D9-FCB40A22EEF5} = {1D120250-BA60-47C6-81FD-C9D36B585E2B}
		{EDEA523C-0E08-4F1F-B520-D66ACAD2FDE9} = {81B0A78F-6515-4290-A1A9-CD89E0044C64}
		{FCE153BF-F134-454D-BDD7-B58F678D2BF2} = {775CD5F9-286E-411A-B110-D8F412E84A77}
		{C7F23F24-801E-40B9-A080-5CB9BAB4B8C7} = {FCE153BF-F134-454D-BDD7-B58F678D2BF2}
		{D1CBF0C4-1958-4148-AFC4-DBDBD2EABEA4} = {775CD5F9-286E-411A-B110-D8F412E84A77}
		{363C64DD-4090-43E5-A063-C67476945414} = {D1CBF0C4-1958-4148-AFC4-DBDBD2EABEA4}
		{0551BB0F-E9E7-462A-BB21-C42E3750DDBD} = {775CD5F9-286E-411A-B110-D8F412E84A77}
		{DF65CCD5-0F3B-409E-BAA0-03038112EF58} = {0551BB0F-E9E7-462A-BB21-C42E3750DDBD}
		{A5004CD9-1433-4501-9E9F-C7CAFC70068B} = {775CD5F9-286E-411A-B110-D8F412E84A77}
		{A523EFDC-C003-423B-A13E-AFF4E4BA8650} = {A5004CD9-1433-4501-9E9F-C7CAFC70068B}
		{183CE3CE-1354-4F34-8E38-50E6B7B3CA96} = {D1CBF0C4-1958-4148-AFC4-DBDBD2EABEA4}
		{D7B373C9-0B11-4555-B3CF-3CBC92AC3E87} = {775CD5F9-286E-411A-B110-D8F412E84A77}
		{77A0070F-3BFA-41AE-BE5B-2F586A66589F} = {D7B373C9-0B11-4555-B3CF-3CBC92AC3E87}
		{734C4AFD-016B-495C-B239-AEA71864874D} = {B02FEA40-C0E9-4CB5-8F49-97D33FC83502}
	EndGlobalSection
EndGlobal
